
Microsoft Visual Studio Solution File, Format Version 12.00
# Visual Studio Version 17
VisualStudioVersion = 17.2.32630.192
MinimumVisualStudioVersion = 10.0.40219.1
Project("{FAE04EC0-301F-11D3-BF4B-00C04F79EFBC}") = "Ex03.GarageLogic", "Ex03.GarageLogic\Ex03.GarageLogic.csproj", "{6300243B-F561-4A3D-BF0B-ED75354C84B3}"
EndProject
Project("{FAE04EC0-301F-11D3-BF4B-00C04F79EFBC}") = "Ex03.ConsoleUI", "Ex03.ConsoleUI\Ex03.ConsoleUI.csproj", "{A5EF0933-B0B0-4C98-818D-4009BA32A0BE}"
EndProject
Global
	GlobalSection(SolutionConfigurationPlatforms) = preSolution
		Debug|Any CPU = Debug|Any CPU
		Release|Any CPU = Release|Any CPU
	EndGlobalSection
	GlobalSection(ProjectConfigurationPlatforms) = postSolution
		{6300243B-F561-4A3D-BF0B-ED75354C84B3}.Debug|Any CPU.ActiveCfg = Debug|Any CPU
		{6300243B-F561-4A3D-BF0B-ED75354C84B3}.Debug|Any CPU.Build.0 = Debug|Any CPU
		{6300243B-F561-4A3D-BF0B-ED75354C84B3}.Release|Any CPU.ActiveCfg = Release|Any CPU
		{6300243B-F561-4A3D-BF0B-ED75354C84B3}.Release|Any CPU.Build.0 = Release|Any CPU
		{A5EF0933-B0B0-4C98-818D-4009BA32A0BE}.Debug|Any CPU.ActiveCfg = Debug|Any CPU
		{A5EF0933-B0B0-4C98-818D-4009BA32A0BE}.Debug|Any CPU.Build.0 = Debug|Any CPU
		{A5EF0933-B0B0-4C98-818D-4009BA32A0BE}.Release|Any CPU.ActiveCfg = Release|Any CPU
		{A5EF0933-B0B0-4C98-818D-4009BA32A0BE}.Release|Any CPU.Build.0 = Release|Any CPU
	EndGlobalSection
	GlobalSection(SolutionProperties) = preSolution
		HideSolutionNode = FALSE
	EndGlobalSection
	GlobalSection(ExtensibilityGlobals) = postSolution
		SolutionGuid = {80BF8340-1EAA-434B-8DB2-E55905C855EC}
	EndGlobalSection
EndGlobal
